
Microsoft Visual Studio Solution File, Format Version 12.00
# Visual Studio Version 16
VisualStudioVersion = 16.0.30711.63
MinimumVisualStudioVersion = 10.0.40219.1
Project("{FAE04EC0-301F-11D3-BF4B-00C04F79EFBC}") = "SINU", "SINU\SINU.csproj", "{F786D684-D2C5-4BD8-B31F-1FDB2AB0BAAA}"
EndProject
Global
	GlobalSection(SolutionConfigurationPlatforms) = preSolution
		Debug|Any CPU = Debug|Any CPU
		Release|Any CPU = Release|Any CPU
	EndGlobalSection
	GlobalSection(ProjectConfigurationPlatforms) = postSolution
		{F786D684-D2C5-4BD8-B31F-1FDB2AB0BAAA}.Debug|Any CPU.ActiveCfg = Debug|Any CPU
		{F786D684-D2C5-4BD8-B31F-1FDB2AB0BAAA}.Debug|Any CPU.Build.0 = Debug|Any CPU
		{F786D684-D2C5-4BD8-B31F-1FDB2AB0BAAA}.Release|Any CPU.ActiveCfg = Release|Any CPU
		{F786D684-D2C5-4BD8-B31F-1FDB2AB0BAAA}.Release|Any CPU.Build.0 = Release|Any CPU
	EndGlobalSection
	GlobalSection(SolutionProperties) = preSolution
		HideSolutionNode = FALSE
	EndGlobalSection
	GlobalSection(ExtensibilityGlobals) = postSolution
		SolutionGuid = {F1097889-A93C-47EF-8B2B-4D12A69E15C7}
	EndGlobalSection
EndGlobal
